// !$*UTF8*$!
{
	archiveVersion = 1;
	classes = {
	};
	objectVersion = 51;
	objects = {

/* Begin PBXBuildFile section */
		0994B7B535F60C1BEE0CF03B /* Pods_ParsingJSON.framework in Frameworks */ = {isa = PBXBuildFile; fileRef = 71DDC0D2499B81ECCD7C8138 /* Pods_ParsingJSON.framework */; };
		6A048CD4263F42A500925679 /* AppDelegate.swift in Sources */ = {isa = PBXBuildFile; fileRef = 6A048CD3263F42A500925679 /* AppDelegate.swift */; };
		6A048CD6263F42A500925679 /* SceneDelegate.swift in Sources */ = {isa = PBXBuildFile; fileRef = 6A048CD5263F42A500925679 /* SceneDelegate.swift */; };
		6A048CDB263F42A500925679 /* Main.storyboard in Resources */ = {isa = PBXBuildFile; fileRef = 6A048CD9263F42A500925679 /* Main.storyboard */; };
		6A048CDD263F42A600925679 /* Assets.xcassets in Resources */ = {isa = PBXBuildFile; fileRef = 6A048CDC263F42A600925679 /* Assets.xcassets */; };
		6A048CE0263F42A600925679 /* LaunchScreen.storyboard in Resources */ = {isa = PBXBuildFile; fileRef = 6A048CDE263F42A600925679 /* LaunchScreen.storyboard */; };
		6A6771BF263FF04100AB9B48 /* Space.swift in Sources */ = {isa = PBXBuildFile; fileRef = 6A6771BE263FF04100AB9B48 /* Space.swift */; };
		6A6771DE2640234D00AB9B48 /* ImageViewController.swift in Sources */ = {isa = PBXBuildFile; fileRef = 6A6771DD2640234D00AB9B48 /* ImageViewController.swift */; };
		6A6771E12640235F00AB9B48 /* InfoViewController.swift in Sources */ = {isa = PBXBuildFile; fileRef = 6A6771E02640235F00AB9B48 /* InfoViewController.swift */; };
		6A7EDB06264C6878003B0124 /* SpaceImageView.swift in Sources */ = {isa = PBXBuildFile; fileRef = 6A7EDB05264C6878003B0124 /* SpaceImageView.swift */; };
		6AEE1D4B264301E300BC9BED /* NetworkManager.swift in Sources */ = {isa = PBXBuildFile; fileRef = 6AEE1D4A264301E300BC9BED /* NetworkManager.swift */; };
/* End PBXBuildFile section */

/* Begin PBXFileReference section */
		5F7362C79718BC2A30F41479 /* Pods-ParsingJSON.release.xcconfig */ = {isa = PBXFileReference; includeInIndex = 1; lastKnownFileType = text.xcconfig; name = "Pods-ParsingJSON.release.xcconfig"; path = "Target Support Files/Pods-ParsingJSON/Pods-ParsingJSON.release.xcconfig"; sourceTree = "<group>"; };
		6A048CD0263F42A500925679 /* ParsingJSON.app */ = {isa = PBXFileReference; explicitFileType = wrapper.application; includeInIndex = 0; path = ParsingJSON.app; sourceTree = BUILT_PRODUCTS_DIR; };
		6A048CD3263F42A500925679 /* AppDelegate.swift */ = {isa = PBXFileReference; lastKnownFileType = sourcecode.swift; path = AppDelegate.swift; sourceTree = "<group>"; };
		6A048CD5263F42A500925679 /* SceneDelegate.swift */ = {isa = PBXFileReference; lastKnownFileType = sourcecode.swift; path = SceneDelegate.swift; sourceTree = "<group>"; };
		6A048CDA263F42A500925679 /* Base */ = {isa = PBXFileReference; lastKnownFileType = file.storyboard; name = Base; path = Base.lproj/Main.storyboard; sourceTree = "<group>"; };
		6A048CDC263F42A600925679 /* Assets.xcassets */ = {isa = PBXFileReference; lastKnownFileType = folder.assetcatalog; path = Assets.xcassets; sourceTree = "<group>"; };
		6A048CDF263F42A600925679 /* Base */ = {isa = PBXFileReference; lastKnownFileType = file.storyboard; name = Base; path = Base.lproj/LaunchScreen.storyboard; sourceTree = "<group>"; };
		6A048CE1263F42A600925679 /* Info.plist */ = {isa = PBXFileReference; lastKnownFileType = text.plist.xml; path = Info.plist; sourceTree = "<group>"; };
		6A6771BE263FF04100AB9B48 /* Space.swift */ = {isa = PBXFileReference; lastKnownFileType = sourcecode.swift; path = Space.swift; sourceTree = "<group>"; };
		6A6771DD2640234D00AB9B48 /* ImageViewController.swift */ = {isa = PBXFileReference; lastKnownFileType = sourcecode.swift; path = ImageViewController.swift; sourceTree = "<group>"; };
		6A6771E02640235F00AB9B48 /* InfoViewController.swift */ = {isa = PBXFileReference; lastKnownFileType = sourcecode.swift; path = InfoViewController.swift; sourceTree = "<group>"; };
		6A7EDB05264C6878003B0124 /* SpaceImageView.swift */ = {isa = PBXFileReference; lastKnownFileType = sourcecode.swift; path = SpaceImageView.swift; sourceTree = "<group>"; };
		6AEE1D4A264301E300BC9BED /* NetworkManager.swift */ = {isa = PBXFileReference; lastKnownFileType = sourcecode.swift; path = NetworkManager.swift; sourceTree = "<group>"; };
		71DDC0D2499B81ECCD7C8138 /* Pods_ParsingJSON.framework */ = {isa = PBXFileReference; explicitFileType = wrapper.framework; includeInIndex = 0; path = Pods_ParsingJSON.framework; sourceTree = BUILT_PRODUCTS_DIR; };
		A40D9BF004A24B04406592ED /* Pods-ParsingJSON.debug.xcconfig */ = {isa = PBXFileReference; includeInIndex = 1; lastKnownFileType = text.xcconfig; name = "Pods-ParsingJSON.debug.xcconfig"; path = "Target Support Files/Pods-ParsingJSON/Pods-ParsingJSON.debug.xcconfig"; sourceTree = "<group>"; };
/* End PBXFileReference section */

/* Begin PBXFrameworksBuildPhase section */
		6A048CCD263F42A500925679 /* Frameworks */ = {
			isa = PBXFrameworksBuildPhase;
			buildActionMask = 2147483647;
			files = (
				0994B7B535F60C1BEE0CF03B /* Pods_ParsingJSON.framework in Frameworks */,
			);
			runOnlyForDeploymentPostprocessing = 0;
		};
/* End PBXFrameworksBuildPhase section */

/* Begin PBXGroup section */
		53D246C8EE1AD63C30B575C4 /* Frameworks */ = {
			isa = PBXGroup;
			children = (
				71DDC0D2499B81ECCD7C8138 /* Pods_ParsingJSON.framework */,
			);
			name = Frameworks;
			sourceTree = "<group>";
		};
		6A048CC7263F42A500925679 = {
			isa = PBXGroup;
			children = (
				6A048CD2263F42A500925679 /* ParsingJSON */,
				6A048CD1263F42A500925679 /* Products */,
				B15016249340D9E9972C5B6B /* Pods */,
				53D246C8EE1AD63C30B575C4 /* Frameworks */,
			);
			sourceTree = "<group>";
		};
		6A048CD1263F42A500925679 /* Products */ = {
			isa = PBXGroup;
			children = (
				6A048CD0263F42A500925679 /* ParsingJSON.app */,
			);
			name = Products;
			sourceTree = "<group>";
		};
		6A048CD2263F42A500925679 /* ParsingJSON */ = {
			isa = PBXGroup;
			children = (
				6AEE1D532643237500BC9BED /* Models */,
				6A6771CB263FF58E00AB9B48 /* ViewControllers */,
				6AEE1D4F2643232200BC9BED /* Services */,
				6AEE1D512643234A00BC9BED /* SupportingFiles */,
				6AEE1D59264323AD00BC9BED /* Storyboards */,
				6AEE1D5A264323C300BC9BED /* Sourse */,
			);
			path = ParsingJSON;
			sourceTree = "<group>";
		};
		6A6771CB263FF58E00AB9B48 /* ViewControllers */ = {
			isa = PBXGroup;
			children = (
				6A6771DD2640234D00AB9B48 /* ImageViewController.swift */,
				6A6771E02640235F00AB9B48 /* InfoViewController.swift */,
				6A7EDB04264C67F8003B0124 /* Views */,
			);
			path = ViewControllers;
			sourceTree = "<group>";
		};
		6A7EDB04264C67F8003B0124 /* Views */ = {
			isa = PBXGroup;
			children = (
				6A7EDB05264C6878003B0124 /* SpaceImageView.swift */,
			);
			path = Views;
			sourceTree = "<group>";
		};
		6AEE1D4F2643232200BC9BED /* Services */ = {
			isa = PBXGroup;
			children = (
				6AEE1D4A264301E300BC9BED /* NetworkManager.swift */,
			);
			path = Services;
			sourceTree = "<group>";
		};
		6AEE1D512643234A00BC9BED /* SupportingFiles */ = {
			isa = PBXGroup;
			children = (
				6A048CE1263F42A600925679 /* Info.plist */,
				6A048CD3263F42A500925679 /* AppDelegate.swift */,
				6A048CD5263F42A500925679 /* SceneDelegate.swift */,
			);
			path = SupportingFiles;
			sourceTree = "<group>";
		};
		6AEE1D532643237500BC9BED /* Models */ = {
			isa = PBXGroup;
			children = (
				6A6771BE263FF04100AB9B48 /* Space.swift */,
			);
			path = Models;
			sourceTree = "<group>";
		};
		6AEE1D59264323AD00BC9BED /* Storyboards */ = {
			isa = PBXGroup;
			children = (
				6A048CD9263F42A500925679 /* Main.storyboard */,
				6A048CDE263F42A600925679 /* LaunchScreen.storyboard */,
			);
			path = Storyboards;
			sourceTree = "<group>";
		};
		6AEE1D5A264323C300BC9BED /* Sourse */ = {
			isa = PBXGroup;
			children = (
				6A048CDC263F42A600925679 /* Assets.xcassets */,
			);
			path = Sourse;
			sourceTree = "<group>";
		};
		B15016249340D9E9972C5B6B /* Pods */ = {
			isa = PBXGroup;
			children = (
				A40D9BF004A24B04406592ED /* Pods-ParsingJSON.debug.xcconfig */,
				5F7362C79718BC2A30F41479 /* Pods-ParsingJSON.release.xcconfig */,
			);
			path = Pods;
			sourceTree = "<group>";
		};
/* End PBXGroup section */

/* Begin PBXNativeTarget section */
		6A048CCF263F42A500925679 /* ParsingJSON */ = {
			isa = PBXNativeTarget;
			buildConfigurationList = 6A048CE4263F42A600925679 /* Build configuration list for PBXNativeTarget "ParsingJSON" */;
			buildPhases = (
				6C2785857E5B1B43DA1375C3 /* [CP] Check Pods Manifest.lock */,
				6A048CCC263F42A500925679 /* Sources */,
				6A048CCD263F42A500925679 /* Frameworks */,
				6A048CCE263F42A500925679 /* Resources */,
				10963F0357CCAAC324C73EAB /* [CP] Embed Pods Frameworks */,
			);
			buildRules = (
			);
			dependencies = (
			);
			name = ParsingJSON;
			productName = ParsingJSON;
			productReference = 6A048CD0263F42A500925679 /* ParsingJSON.app */;
			productType = "com.apple.product-type.application";
		};
/* End PBXNativeTarget section */

/* Begin PBXProject section */
		6A048CC8263F42A500925679 /* Project object */ = {
			isa = PBXProject;
			attributes = {
				LastSwiftUpdateCheck = 1240;
				LastUpgradeCheck = 1240;
				TargetAttributes = {
					6A048CCF263F42A500925679 = {
						CreatedOnToolsVersion = 12.4;
					};
				};
			};
			buildConfigurationList = 6A048CCB263F42A500925679 /* Build configuration list for PBXProject "ParsingJSON" */;
			compatibilityVersion = "Xcode 9.3";
			developmentRegion = en;
			hasScannedForEncodings = 0;
			knownRegions = (
				en,
				Base,
			);
			mainGroup = 6A048CC7263F42A500925679;
			productRefGroup = 6A048CD1263F42A500925679 /* Products */;
			projectDirPath = "";
			projectRoot = "";
			targets = (
				6A048CCF263F42A500925679 /* ParsingJSON */,
			);
		};
/* End PBXProject section */

/* Begin PBXResourcesBuildPhase section */
		6A048CCE263F42A500925679 /* Resources */ = {
			isa = PBXResourcesBuildPhase;
			buildActionMask = 2147483647;
			files = (
				6A048CE0263F42A600925679 /* LaunchScreen.storyboard in Resources */,
				6A048CDD263F42A600925679 /* Assets.xcassets in Resources */,
				6A048CDB263F42A500925679 /* Main.storyboard in Resources */,
			);
			runOnlyForDeploymentPostprocessing = 0;
		};
/* End PBXResourcesBuildPhase section */

/* Begin PBXShellScriptBuildPhase section */
		10963F0357CCAAC324C73EAB /* [CP] Embed Pods Frameworks */ = {
			isa = PBXShellScriptBuildPhase;
			buildActionMask = 2147483647;
			files = (
			);
			inputFileListPaths = (
				"${PODS_ROOT}/Target Support Files/Pods-ParsingJSON/Pods-ParsingJSON-frameworks-${CONFIGURATION}-input-files.xcfilelist",
			);
			name = "[CP] Embed Pods Frameworks";
			outputFileListPaths = (
				"${PODS_ROOT}/Target Support Files/Pods-ParsingJSON/Pods-ParsingJSON-frameworks-${CONFIGURATION}-output-files.xcfilelist",
			);
			runOnlyForDeploymentPostprocessing = 0;
			shellPath = /bin/sh;
			shellScript = "\"${PODS_ROOT}/Target Support Files/Pods-ParsingJSON/Pods-ParsingJSON-frameworks.sh\"\n";
			showEnvVarsInLog = 0;
		};
		6C2785857E5B1B43DA1375C3 /* [CP] Check Pods Manifest.lock */ = {
			isa = PBXShellScriptBuildPhase;
			buildActionMask = 2147483647;
			files = (
			);
			inputFileListPaths = (
			);
			inputPaths = (
				"${PODS_PODFILE_DIR_PATH}/Podfile.lock",
				"${PODS_ROOT}/Manifest.lock",
			);
			name = "[CP] Check Pods Manifest.lock";
			outputFileListPaths = (
			);
			outputPaths = (
				"$(DERIVED_FILE_DIR)/Pods-ParsingJSON-checkManifestLockResult.txt",
			);
			runOnlyForDeploymentPostprocessing = 0;
			shellPath = /bin/sh;
			shellScript = "diff \"${PODS_PODFILE_DIR_PATH}/Podfile.lock\" \"${PODS_ROOT}/Manifest.lock\" > /dev/null\nif [ $? != 0 ] ; then\n    # print error to STDERR\n    echo \"error: The sandbox is not in sync with the Podfile.lock. Run 'pod install' or update your CocoaPods installation.\" >&2\n    exit 1\nfi\n# This output is used by Xcode 'outputs' to avoid re-running this script phase.\necho \"SUCCESS\" > \"${SCRIPT_OUTPUT_FILE_0}\"\n";
			showEnvVarsInLog = 0;
		};
/* End PBXShellScriptBuildPhase section */

/* Begin PBXSourcesBuildPhase section */
		6A048CCC263F42A500925679 /* Sources */ = {
			isa = PBXSourcesBuildPhase;
			buildActionMask = 2147483647;
			files = (
				6A048CD4263F42A500925679 /* AppDelegate.swift in Sources */,
				6A6771DE2640234D00AB9B48 /* ImageViewController.swift in Sources */,
				6A7EDB06264C6878003B0124 /* SpaceImageView.swift in Sources */,
				6AEE1D4B264301E300BC9BED /* NetworkManager.swift in Sources */,
				6A048CD6263F42A500925679 /* SceneDelegate.swift in Sources */,
				6A6771E12640235F00AB9B48 /* InfoViewController.swift in Sources */,
				6A6771BF263FF04100AB9B48 /* Space.swift in Sources */,
			);
			runOnlyForDeploymentPostprocessing = 0;
		};
/* End PBXSourcesBuildPhase section */

/* Begin PBXVariantGroup section */
		6A048CD9263F42A500925679 /* Main.storyboard */ = {
			isa = PBXVariantGroup;
			children = (
				6A048CDA263F42A500925679 /* Base */,
			);
			name = Main.storyboard;
			sourceTree = "<group>";
		};
		6A048CDE263F42A600925679 /* LaunchScreen.storyboard */ = {
			isa = PBXVariantGroup;
			children = (
				6A048CDF263F42A600925679 /* Base */,
			);
			name = LaunchScreen.storyboard;
			sourceTree = "<group>";
		};
/* End PBXVariantGroup section */

/* Begin XCBuildConfiguration section */
		6A048CE2263F42A600925679 /* Debug */ = {
			isa = XCBuildConfiguration;
			buildSettings = {
				ALWAYS_SEARCH_USER_PATHS = NO;
				CLANG_ANALYZER_NONNULL = YES;
				CLANG_ANALYZER_NUMBER_OBJECT_CONVERSION = YES_AGGRESSIVE;
				CLANG_CXX_LANGUAGE_STANDARD = "gnu++14";
				CLANG_CXX_LIBRARY = "libc++";
				CLANG_ENABLE_MODULES = YES;
				CLANG_ENABLE_OBJC_ARC = YES;
				CLANG_ENABLE_OBJC_WEAK = YES;
				CLANG_WARN_BLOCK_CAPTURE_AUTORELEASING = YES;
				CLANG_WARN_BOOL_CONVERSION = YES;
				CLANG_WARN_COMMA = YES;
				CLANG_WARN_CONSTANT_CONVERSION = YES;
				CLANG_WARN_DEPRECATED_OBJC_IMPLEMENTATIONS = YES;
				CLANG_WARN_DIRECT_OBJC_ISA_USAGE = YES_ERROR;
				CLANG_WARN_DOCUMENTATION_COMMENTS = YES;
				CLANG_WARN_EMPTY_BODY = YES;
				CLANG_WARN_ENUM_CONVERSION = YES;
				CLANG_WARN_INFINITE_RECURSION = YES;
				CLANG_WARN_INT_CONVERSION = YES;
				CLANG_WARN_NON_LITERAL_NULL_CONVERSION = YES;
				CLANG_WARN_OBJC_IMPLICIT_RETAIN_SELF = YES;
				CLANG_WARN_OBJC_LITERAL_CONVERSION = YES;
				CLANG_WARN_OBJC_ROOT_CLASS = YES_ERROR;
				CLANG_WARN_QUOTED_INCLUDE_IN_FRAMEWORK_HEADER = YES;
				CLANG_WARN_RANGE_LOOP_ANALYSIS = YES;
				CLANG_WARN_STRICT_PROTOTYPES = YES;
				CLANG_WARN_SUSPICIOUS_MOVE = YES;
				CLANG_WARN_UNGUARDED_AVAILABILITY = YES_AGGRESSIVE;
				CLANG_WARN_UNREACHABLE_CODE = YES;
				CLANG_WARN__DUPLICATE_METHOD_MATCH = YES;
				COPY_PHASE_STRIP = NO;
				DEBUG_INFORMATION_FORMAT = dwarf;
				ENABLE_STRICT_OBJC_MSGSEND = YES;
				ENABLE_TESTABILITY = YES;
				GCC_C_LANGUAGE_STANDARD = gnu11;
				GCC_DYNAMIC_NO_PIC = NO;
				GCC_NO_COMMON_BLOCKS = YES;
				GCC_OPTIMIZATION_LEVEL = 0;
				GCC_PREPROCESSOR_DEFINITIONS = (
					"DEBUG=1",
					"$(inherited)",
				);
				GCC_WARN_64_TO_32_BIT_CONVERSION = YES;
				GCC_WARN_ABOUT_RETURN_TYPE = YES_ERROR;
				GCC_WARN_UNDECLARED_SELECTOR = YES;
				GCC_WARN_UNINITIALIZED_AUTOS = YES_AGGRESSIVE;
				GCC_WARN_UNUSED_FUNCTION = YES;
				GCC_WARN_UNUSED_VARIABLE = YES;
				IPHONEOS_DEPLOYMENT_TARGET = 14.4;
				MTL_ENABLE_DEBUG_INFO = INCLUDE_SOURCE;
				MTL_FAST_MATH = YES;
				ONLY_ACTIVE_ARCH = YES;
				SDKROOT = iphoneos;
				SWIFT_ACTIVE_COMPILATION_CONDITIONS = DEBUG;
				SWIFT_OPTIMIZATION_LEVEL = "-Onone";
			};
			name = Debug;
		};
		6A048CE3263F42A600925679 /* Release */ = {
			isa = XCBuildConfiguration;
			buildSettings = {
				ALWAYS_SEARCH_USER_PATHS = NO;
				CLANG_ANALYZER_NONNULL = YES;
				CLANG_ANALYZER_NUMBER_OBJECT_CONVERSION = YES_AGGRESSIVE;
				CLANG_CXX_LANGUAGE_STANDARD = "gnu++14";
				CLANG_CXX_LIBRARY = "libc++";
				CLANG_ENABLE_MODULES = YES;
				CLANG_ENABLE_OBJC_ARC = YES;
				CLANG_ENABLE_OBJC_WEAK = YES;
				CLANG_WARN_BLOCK_CAPTURE_AUTORELEASING = YES;
				CLANG_WARN_BOOL_CONVERSION = YES;
				CLANG_WARN_COMMA = YES;
				CLANG_WARN_CONSTANT_CONVERSION = YES;
				CLANG_WARN_DEPRECATED_OBJC_IMPLEMENTATIONS = YES;
				CLANG_WARN_DIRECT_OBJC_ISA_USAGE = YES_ERROR;
				CLANG_WARN_DOCUMENTATION_COMMENTS = YES;
				CLANG_WARN_EMPTY_BODY = YES;
				CLANG_WARN_ENUM_CONVERSION = YES;
				CLANG_WARN_INFINITE_RECURSION = YES;
				CLANG_WARN_INT_CONVERSION = YES;
				CLANG_WARN_NON_LITERAL_NULL_CONVERSION = YES;
				CLANG_WARN_OBJC_IMPLICIT_RETAIN_SELF = YES;
				CLANG_WARN_OBJC_LITERAL_CONVERSION = YES;
				CLANG_WARN_OBJC_ROOT_CLASS = YES_ERROR;
				CLANG_WARN_QUOTED_INCLUDE_IN_FRAMEWORK_HEADER = YES;
				CLANG_WARN_RANGE_LOOP_ANALYSIS = YES;
				CLANG_WARN_STRICT_PROTOTYPES = YES;
				CLANG_WARN_SUSPICIOUS_MOVE = YES;
				CLANG_WARN_UNGUARDED_AVAILABILITY = YES_AGGRESSIVE;
				CLANG_WARN_UNREACHABLE_CODE = YES;
				CLANG_WARN__DUPLICATE_METHOD_MATCH = YES;
				COPY_PHASE_STRIP = NO;
				DEBUG_INFORMATION_FORMAT = "dwarf-with-dsym";
				ENABLE_NS_ASSERTIONS = NO;
				ENABLE_STRICT_OBJC_MSGSEND = YES;
				GCC_C_LANGUAGE_STANDARD = gnu11;
				GCC_NO_COMMON_BLOCKS = YES;
				GCC_WARN_64_TO_32_BIT_CONVERSION = YES;
				GCC_WARN_ABOUT_RETURN_TYPE = YES_ERROR;
				GCC_WARN_UNDECLARED_SELECTOR = YES;
				GCC_WARN_UNINITIALIZED_AUTOS = YES_AGGRESSIVE;
				GCC_WARN_UNUSED_FUNCTION = YES;
				GCC_WARN_UNUSED_VARIABLE = YES;
				IPHONEOS_DEPLOYMENT_TARGET = 14.4;
				MTL_ENABLE_DEBUG_INFO = NO;
				MTL_FAST_MATH = YES;
				SDKROOT = iphoneos;
				SWIFT_COMPILATION_MODE = wholemodule;
				SWIFT_OPTIMIZATION_LEVEL = "-O";
				VALIDATE_PRODUCT = YES;
			};
			name = Release;
		};
		6A048CE5263F42A600925679 /* Debug */ = {
			isa = XCBuildConfiguration;
			baseConfigurationReference = A40D9BF004A24B04406592ED /* Pods-ParsingJSON.debug.xcconfig */;
			buildSettings = {
				ASSETCATALOG_COMPILER_APPICON_NAME = AppIcon;
				ASSETCATALOG_COMPILER_GLOBAL_ACCENT_COLOR_NAME = AccentColor;
				CODE_SIGN_STYLE = Automatic;
				INFOPLIST_FILE = ParsingJSON/SupportingFiles/Info.plist;
				LD_RUNPATH_SEARCH_PATHS = (
					"$(inherited)",
					"@executable_path/Frameworks",
				);
				PRODUCT_BUNDLE_IDENTIFIER = Galatea.ParsingJSON;
				PRODUCT_NAME = "$(TARGET_NAME)";
				SWIFT_VERSION = 5.0;
				TARGETED_DEVICE_FAMILY = "1,2";
			};
			name = Debug;
		};
		6A048CE6263F42A600925679 /* Release */ = {
			isa = XCBuildConfiguration;
			baseConfigurationReference = 5F7362C79718BC2A30F41479 /* Pods-ParsingJSON.release.xcconfig */;
			buildSettings = {
				ASSETCATALOG_COMPILER_APPICON_NAME = AppIcon;
				ASSETCATALOG_COMPILER_GLOBAL_ACCENT_COLOR_NAME = AccentColor;
				CODE_SIGN_STYLE = Automatic;
				INFOPLIST_FILE = ParsingJSON/SupportingFiles/Info.plist;
				LD_RUNPATH_SEARCH_PATHS = (
					"$(inherited)",
					"@executable_path/Frameworks",
				);
				PRODUCT_BUNDLE_IDENTIFIER = Galatea.ParsingJSON;
				PRODUCT_NAME = "$(TARGET_NAME)";
				SWIFT_VERSION = 5.0;
				TARGETED_DEVICE_FAMILY = "1,2";
			};
			name = Release;
		};
/* End XCBuildConfiguration section */

/* Begin XCConfigurationList section */
		6A048CCB263F42A500925679 /* Build configuration list for PBXProject "ParsingJSON" */ = {
			isa = XCConfigurationList;
			buildConfigurations = (
				6A048CE2263F42A600925679 /* Debug */,
				6A048CE3263F42A600925679 /* Release */,
			);
			defaultConfigurationIsVisible = 0;
			defaultConfigurationName = Release;
		};
		6A048CE4263F42A600925679 /* Build configuration list for PBXNativeTarget "ParsingJSON" */ = {
			isa = XCConfigurationList;
			buildConfigurations = (
				6A048CE5263F42A600925679 /* Debug */,
				6A048CE6263F42A600925679 /* Release */,
			);
			defaultConfigurationIsVisible = 0;
			defaultConfigurationName = Release;
		};
/* End XCConfigurationList section */
	};
	rootObject = 6A048CC8263F42A500925679 /* Project object */;
}
